
Microsoft Visual Studio Solution File, Format Version 12.00
# Visual Studio Version 17
VisualStudioVersion = 17.5.33627.172
MinimumVisualStudioVersion = 10.0.40219.1
Project("{FAE04EC0-301F-11D3-BF4B-00C04F79EFBC}") = "SEP6", "SEP6\SEP6.csproj", "{5DD2E8E7-715F-417F-8F7A-0E53229E4C7C}"
EndProject
Global
	GlobalSection(SolutionConfigurationPlatforms) = preSolution
		Debug|Any CPU = Debug|Any CPU
		Release|Any CPU = Release|Any CPU
	EndGlobalSection
	GlobalSection(ProjectConfigurationPlatforms) = postSolution
		{5DD2E8E7-715F-417F-8F7A-0E53229E4C7C}.Debug|Any CPU.ActiveCfg = Debug|Any CPU
		{5DD2E8E7-715F-417F-8F7A-0E53229E4C7C}.Debug|Any CPU.Build.0 = Debug|Any CPU
		{5DD2E8E7-715F-417F-8F7A-0E53229E4C7C}.Release|Any CPU.ActiveCfg = Release|Any CPU
		{5DD2E8E7-715F-417F-8F7A-0E53229E4C7C}.Release|Any CPU.Build.0 = Release|Any CPU
	EndGlobalSection
	GlobalSection(SolutionProperties) = preSolution
		HideSolutionNode = FALSE
	EndGlobalSection
	GlobalSection(ExtensibilityGlobals) = postSolution
		SolutionGuid = {2636F6F1-6311-4A38-B5A5-8228ED136AAB}
	EndGlobalSection
EndGlobal
